PackratFormat: 1.4
PackratVersion: 0.5.0
RVersion: 3.6.0
Repos: CRAN=https://cran.rstudio.com/

Package: BH
Source: CRAN
Version: 1.66.0-1
Hash: 4cc8883584b955ed01f38f68bc03af6d

Package: DBI
Source: CRAN
Version: 1.0.0
Hash: 6abedd7919c4457604c0aa44529a6683

Package: MASS
Source: CRAN
Version: 7.3-51.1
Hash: af8e6922880d7f071829628198cc3f13

Package: Matrix
Source: CRAN
Version: 1.2-15
Hash: d1bdb46e08828615f3182e2e0375f86a
Requires: lattice

Package: R6
Source: CRAN
Version: 2.3.0
Hash: 8eccabbf292b5aba632985cde6406fc3

Package: RColorBrewer
Source: CRAN
Version: 1.1-2
Hash: c0d56cd15034f395874c870141870c25

Package: RCurl
Source: CRAN
Version: 1.95-4.12
Hash: 261163f9c66d2a2c7ef8028765ed2838
Requires: bitops

Package: Rcpp
Source: CRAN
Version: 1.0.0
Hash: c7273c0f0bc9f5e41f4c52a8cf571f0f

Package: XML
Source: CRAN
Version: 3.98-1.20
Hash: bf2d8ed9d5fb16209c9fc8ceccb94cf5

Package: antiword
Source: CRAN
Version: 1.3
Hash: d52799bc9a62d2e67660d4dfbcda463e
Requires: sys

Package: askpass
Source: CRAN
Version: 1.1
Hash: 6f6c430e3cd0dd7d48f447700f4d7e7f
Requires: sys

Package: assertthat
Source: CRAN
Version: 0.2.0
Hash: e8805df54c65ac96d50235c44a82615c

Package: backports
Source: CRAN
Version: 1.1.3
Hash: a0b8191e6bd2fe71aadd4678bb8f3c98

Package: base64enc
Source: CRAN
Version: 0.1-3
Hash: c590d29e555926af053055e23ee79efb

Package: bitops
Source: CRAN
Version: 1.0-6
Hash: 67d0775189fd0041d95abca618c5c07e

Package: broom
Source: CRAN
Version: 0.5.1
Hash: f170bc989c523e039487511e87c1854f
Requires: backports, generics, stringr, reshape2, tibble, purrr, dplyr,
    tidyr

Package: callr
Source: CRAN
Version: 3.1.1
Hash: 461cdebafe2c1cfc23ddc37527633185
Requires: R6, processx

Package: cellranger
Source: CRAN
Version: 1.1.0
Hash: be9d203e7849f73818b36f93e9273c2c
Requires: rematch, tibble

Package: cli
Source: CRAN
Version: 1.0.1
Hash: a742a3229dbf7085c3a737af10e5065b
Requires: assertthat, crayon

Package: clipr
Source: CRAN
Version: 0.4.1
Hash: caf20ae357bfa2ed50e0e7db267f69ce

Package: codetools
Source: CRAN
Version: 0.2-16
Hash: eb51f6f32efbc11c76c48b9c4307f1b5

Package: colorspace
Source: CRAN
Version: 1.4-0
Hash: 5eef58a5bcfd315a326eeaf43720cd26

Package: crayon
Source: CRAN
Version: 1.3.4
Hash: ff2840dd9b0d563fc80377a5a45510cd

Package: curl
Source: CRAN
Version: 3.2
Hash: 82a7cf5bb702ef52329b6d23ea6132a7

Package: data.table
Source: CRAN
Version: 1.12.2
Hash: b1642cf2ee0ab1d1b152ffacdb4401f7

Package: dbplyr
Source: CRAN
Version: 1.2.2
Hash: f09ea2f1a5c31d86b061d7121fab5db8
Requires: DBI, R6, assertthat, glue, rlang, tibble, purrr, tidyselect,
    dplyr

Package: digest
Source: CRAN
Version: 0.6.18
Hash: 65f62365ec69ddd17230d2ffe891a6ab

Package: dplyr
Source: CRAN
Version: 0.7.8
Hash: d6e576944199cba782a471015a822848
Requires: BH, R6, Rcpp, assertthat, glue, magrittr, pkgconfig, plogr,
    rlang, tibble, tidyselect

Package: dtplyr
Source: CRAN
Version: 0.0.3
Hash: 2607d82572267dd8b4246ed3ce232722
Requires: data.table, dplyr, lazyeval, rlang

Package: evaluate
Source: CRAN
Version: 0.12
Hash: c32505adba4f6eca5aa20dd32300b019

Package: fansi
Source: CRAN
Version: 0.4.0
Hash: f147621f72b561485bfffcae78c4f5d5

Package: forcats
Source: CRAN
Version: 0.3.0
Hash: 770f3834b97a2c429bdecb7a5f27eb25
Requires: magrittr, rlang, tibble

Package: foreach
Source: CRAN
Version: 1.4.7
Hash: f13142a2c7cd964900c6711dfd85c224
Requires: codetools, iterators

Package: fs
Source: CRAN
Version: 1.2.6
Hash: 8ffb8b293a18e26e435465307cc47f75
Requires: Rcpp

Package: gdxrrw
Source: source
Version: 1.0.4
Hash: 9213a8199ff27c0b64e2cccfbc06e2ce
Requires: reshape2
SourcePath: localPackages/gdxrrw

Package: gdxtools
Source: source
Version: 0.6.0
Hash: 6e99abd668430118fb7095cf84c0b52b
Requires: Rcpp
SourcePath: localPackages/gdxtools

Package: generics
Source: CRAN
Version: 0.0.2
Hash: 4aaf002dd434e8c854611c5d11a1d58e

Package: ggplot2
Source: CRAN
Version: 3.1.0
Hash: ef541b05dda10b209d509b5bbaf46ea3
Requires: MASS, digest, gtable, lazyeval, rlang, viridisLite, withr,
    scales, mgcv, reshape2, tibble

Package: ggthemes
Source: CRAN
Version: 4.2.0
Hash: e02e7382bfab3ea5978492c044d34162
Requires: ggplot2, purrr, scales, stringr, tibble

Package: glue
Source: CRAN
Version: 1.3.0
Hash: 1fbde6dec830370be696eee8ef31c9e4

Package: gtable
Source: CRAN
Version: 0.2.0
Hash: cd78381a9d3fea966ac39bd0daaf5554

Package: haven
Source: CRAN
Version: 2.0.0
Hash: 3180a95083d9ef6da3fafc38e0519e2f
Requires: Rcpp, hms, tibble, forcats, readr

Package: highr
Source: CRAN
Version: 0.7
Hash: 20757f5c393ed0ecf96c9e8e6d8d514c

Package: hms
Source: CRAN
Version: 0.4.2
Hash: b4096a4f6a6736138e9a825c2baaacf0
Requires: pkgconfig, rlang

Package: htmltools
Source: CRAN
Version: 0.3.6
Hash: 9707abea0a9b7406e98fb1242e97e1f6
Requires: Rcpp, digest

Package: httpuv
Source: CRAN
Version: 1.5.1
Hash: 174a99d72d986e342f82bea59302ed14
Requires: BH, R6, Rcpp, later, promises

Package: httr
Source: CRAN
Version: 1.4.0
Hash: 62d62d3ffcc9a34411b6e35a813f72dd
Requires: R6, curl, jsonlite, mime, openssl

Package: iterators
Source: CRAN
Version: 1.0.10
Hash: 9f8af91e4a3487a282d7dea67513e519

Package: jsonlite
Source: CRAN
Version: 1.6
Hash: 5f969e213e966135393e3e304abf3f49

Package: knitr
Source: CRAN
Version: 1.21
Hash: 05d92a30fe7f149fef5e82428cbbe0d7
Requires: evaluate, highr, xfun, yaml, markdown, stringr

Package: labeling
Source: CRAN
Version: 0.3
Hash: ecf589b42cd284b03a4beb9665482d3e

Package: later
Source: CRAN
Version: 0.8.0
Hash: a4351bb0d8a3eae29291855a1d88951d
Requires: BH, Rcpp, rlang

Package: lattice
Source: CRAN
Version: 0.20-38
Hash: 45211081d39bb6d5a89fd789105901aa

Package: lazyeval
Source: CRAN
Version: 0.2.1
Hash: 88926ad9c43581fd0822a37c8ed09f05

Package: log4r
Source: CRAN
Version: 0.2
Hash: fb5df475409bc27eab1b412643ad6caa

Package: lubridate
Source: CRAN
Version: 1.7.4
Hash: a7c783782f0e50be33b31f859c11333e
Requires: Rcpp, stringr

Package: magrittr
Source: CRAN
Version: 1.5
Hash: bdc4d48c3135e8f3b399536ddf160df4

Package: markdown
Source: CRAN
Version: 0.9
Hash: 730f688930cef3223d59bd8aef679ab9
Requires: mime

Package: mgcv
Source: CRAN
Version: 1.8-26
Hash: e02928c5c84951987f5c0d55079e6576
Requires: Matrix

Package: mime
Source: CRAN
Version: 0.6
Hash: 2ed8f98b8284ad733f3907fc6e2f1334

Package: modelr
Source: CRAN
Version: 0.1.2
Hash: f691854a99ac7814f3853d499408d9a3
Requires: magrittr, rlang, tibble, purrr, dplyr, tidyr, broom

Package: munsell
Source: CRAN
Version: 0.5.0
Hash: 38d0efee9bb99bef143bde41c4ce715c
Requires: colorspace

Package: ndjson
Source: CRAN
Version: 0.7.0
Hash: 70a20b6426ea0637701e9887fb3a4d12
Requires: Rcpp, data.table, dplyr, dtplyr

Package: openssl
Source: CRAN
Version: 1.1
Hash: 82c893294829c4badc3d4133b66d1428
Requires: askpass

Package: packrat
Source: CRAN
Version: 0.5.0
Hash: 498643e765d1442ba7b1160a1df3abf9

Package: pbapply
Source: CRAN
Version: 1.4-1
Hash: 51f88e8f38920a163dffd7299790d424

Package: pdftools
Source: CRAN
Version: 2.0
Hash: fb4797f8105eb25d1a3f3feacffc28bc
Requires: Rcpp

Package: pillar
Source: CRAN
Version: 1.3.1
Hash: 9ed4c2a5d3047bfba3e852ad5e806d91
Requires: crayon, fansi, rlang, utf8, cli

Package: pkgconfig
Source: CRAN
Version: 2.0.2
Hash: b0fd6ed908e150b77e5f00c6478bd58c

Package: plogr
Source: CRAN
Version: 0.2.0
Hash: 81a8008a5e7858552503935f1abe48aa

Package: plyr
Source: CRAN
Version: 1.8.4
Hash: ec185c885aab7ec91693d78c20cb5d1a
Requires: Rcpp

Package: praise
Source: CRAN
Version: 1.0.0
Hash: 77da8f1df873a4b91e5c4a68fe2fb1b6

Package: prettyunits
Source: CRAN
Version: 1.0.2
Hash: 49286102a855640daaa38eafe8b1ec30
Requires: assertthat, magrittr

Package: processx
Source: CRAN
Version: 3.2.1
Hash: fdc6a66626b75f96ee28ffc770d9ebd7
Requires: R6, ps

Package: progress
Source: CRAN
Version: 1.2.0
Hash: 0ff5f631b66daf57857f28062f3e6f30
Requires: R6, crayon, prettyunits, hms

Package: promises
Source: CRAN
Version: 1.0.1
Hash: d2e4a17212d46a1451366f06d9180604
Requires: R6, Rcpp, later, magrittr, rlang

Package: ps
Source: CRAN
Version: 1.3.0
Hash: 1d4cae95887ffe5b1a22bea5994476cd

Package: purrr
Source: CRAN
Version: 0.2.5
Hash: 8b0c16db10c7e20b70cd37779a673a8b
Requires: magrittr, rlang, tibble

Package: readODS
Source: CRAN
Version: 1.6.7
Hash: a0451cbb006f3d4b3d07f55db301b74e
Requires: cellranger, readr, stringi, xml2

Package: readr
Source: CRAN
Version: 1.3.1
Hash: ed1b5520a0df4007bc971658ee543b00
Requires: BH, R6, Rcpp, clipr, crayon, hms, tibble

Package: readtext
Source: CRAN
Version: 0.75
Hash: 66e8a9ab5e6470273c8bb1300fad40a0
Requires: antiword, data.table, digest, httr, jsonlite, pdftools,
    readODS, readxl, streamR, stringi, striprtf, tibble, xml2

Package: readxl
Source: CRAN
Version: 1.2.0
Hash: 3d49de1375021e909463ce4bdb613327
Requires: Rcpp, progress, tibble, cellranger

Package: rematch
Source: CRAN
Version: 1.0.1
Hash: ad4faf59e7611117ff165817074c50c7

Package: reprex
Source: CRAN
Version: 0.2.1
Hash: b30c7fbcb528a71d7ffcd07c9982589d
Requires: clipr, rlang, whisker, withr, fs, callr, rmarkdown

Package: reshape2
Source: CRAN
Version: 1.4.3
Hash: c950c8ac85b81209635acb3ce21b4cce
Requires: Rcpp, plyr, stringr

Package: rjson
Source: CRAN
Version: 0.2.20
Hash: 44ee331003bf03b92e97b3089461dd2f

Package: rlang
Source: CRAN
Version: 0.3.0.1
Hash: 35fb7a51d5d756c56f793ed9c381fb84

Package: rlist
Source: CRAN
Version: 0.4.6.1
Hash: 4900e17a86fa510778fd99079c905d5d
Requires: XML, data.table, jsonlite, yaml

Package: rmarkdown
Source: CRAN
Version: 1.11
Hash: a30b0c41b60d981f41dc8c98f2136297
Requires: base64enc, evaluate, jsonlite, mime, yaml, htmltools,
    stringr, tinytex, knitr

Package: rstudioapi
Source: CRAN
Version: 0.8
Hash: 9ba7fe76dcaf96966c449527ca04bb78

Package: rvest
Source: CRAN
Version: 0.3.2
Hash: c69f7526520bad66fd2111ebe8b1364b
Requires: magrittr, xml2, selectr, httr

Package: scales
Source: CRAN
Version: 1.0.0
Hash: 7d9b717abcec656ae7c5c982d72b75e5
Requires: R6, RColorBrewer, Rcpp, labeling, viridisLite, munsell

Package: selectr
Source: CRAN
Version: 0.4-1
Hash: b12802c11e35dec9d16a74d30ed0f3ed
Requires: R6, stringr

Package: shiny
Source: CRAN
Version: 1.3.2
Hash: a48cf01573400333efa51dc999ab6447
Requires: R6, crayon, digest, htmltools, httpuv, jsonlite, later, mime,
    promises, rlang, sourcetools, xtable

Package: shinythemes
Source: CRAN
Version: 1.1.2
Hash: b5eb2598708219fdfd4dcd65dae6d318
Requires: shiny

Package: sourcetools
Source: CRAN
Version: 0.1.7
Hash: d093478ac90064e670cd4bf1a99b47b6

Package: streamR
Source: CRAN
Version: 0.4.5
Hash: fd893c8cb7c565611f3ae0fc97e6655b
Requires: RCurl, ndjson, rjson

Package: stringi
Source: CRAN
Version: 1.2.4
Hash: 03ab60ef7fa4627b38ad67c95ce6b04c

Package: stringr
Source: CRAN
Version: 1.3.1
Hash: 9f417a1d899ed1f080942ab36998e8b5
Requires: glue, magrittr, stringi

Package: striprtf
Source: CRAN
Version: 0.5.2
Hash: 180d4f1c312237739368e646624a0775
Requires: Rcpp, magrittr, stringr

Package: sys
Source: CRAN
Version: 2.1
Hash: 5ce312d2f816b21f602cb81fe4659a0b

Package: testthat
Source: CRAN
Version: 2.0.1
Hash: 777eb6e94f5a62bf6320fecf0175bbbb
Requires: R6, cli, crayon, digest, magrittr, praise, rlang, withr

Package: tibble
Source: CRAN
Version: 2.0.0
Hash: dd9c9442795b8b46425bf7ad5514bb0c
Requires: crayon, fansi, pkgconfig, rlang, cli, pillar

Package: tidyr
Source: CRAN
Version: 0.8.2
Hash: 9ff92b9b3c11dfcd94d179b75b85c668
Requires: Rcpp, glue, magrittr, rlang, stringi, tibble, purrr,
    tidyselect, dplyr

Package: tidyselect
Source: CRAN
Version: 0.2.5
Hash: fad1cf10c5c4996fca6ca68e0716d2e6
Requires: Rcpp, glue, rlang, purrr

Package: tidyverse
Source: CRAN
Version: 1.2.1
Hash: 1b090209cb20b6fc6eba75de8b7f0b53
Requires: crayon, jsonlite, magrittr, rlang, rstudioapi, xml2, cli,
    hms, stringr, lubridate, tibble, httr, forcats, ggplot2, purrr,
    readr, reprex, rvest, readxl, haven, dplyr, dbplyr, tidyr, broom,
    modelr

Package: tinytex
Source: CRAN
Version: 0.9
Hash: a4ffe98c58eace5a95644d8fd6ca5a50
Requires: xfun

Package: utf8
Source: CRAN
Version: 1.1.4
Hash: f3f97ce59092abc8ed3fd098a59e236c

Package: viridisLite
Source: CRAN
Version: 0.3.0
Hash: 78bb072c4f9e729a283d4c40ec93f9c6

Package: whisker
Source: CRAN
Version: 0.3-2
Hash: 803d662762e532705c2c066a82d066e7

Package: withr
Source: CRAN
Version: 2.1.2
Hash: d534108bcd5f34ec73e9eb523751ba20

Package: xfun
Source: CRAN
Version: 0.4
Hash: 76004125b45195c0330ec71904849995

Package: xml2
Source: CRAN
Version: 1.2.0
Hash: 3f00e5347a6d7ccad2237fe1bc1df6d0
Requires: Rcpp

Package: xtable
Source: CRAN
Version: 1.8-4
Hash: dc0d47261b678d26032363bebd050540

Package: yaml
Source: CRAN
Version: 2.2.0
Hash: a5ad5616d83d89f8d84cbf3cf4034e13
